
Microsoft Visual Studio Solution File, Format Version 12.00
# Visual Studio 2015
Project("{FAE04EC0-301F-11D3-BF4B-00C04F79EFBC}") = "Mine-In-Unity-master.CSharp.Plugins", "Mine-In-Unity-master.CSharp.Plugins.csproj", "{DDFAF97A-7E9F-289C-9485-F7E61BCB7E2A}"
EndProject
Project("{FAE04EC0-301F-11D3-BF4B-00C04F79EFBC}") = "Mine-In-Unity-master.CSharp", "Mine-In-Unity-master.CSharp.csproj", "{9FDB9FAB-20D6-86F0-CBB8-1CC2312FBF9F}"
EndProject
Global
	GlobalSection(SolutionConfigurationPlatforms) = preSolution
		Debug|Any CPU = Debug|Any CPU
		Release|Any CPU = Release|Any CPU
	EndGlobalSection
	GlobalSection(ProjectConfigurationPlatforms) = postSolution
		{DDFAF97A-7E9F-289C-9485-F7E61BCB7E2A}.Debug|Any CPU.ActiveCfg = Debug|Any CPU
		{DDFAF97A-7E9F-289C-9485-F7E61BCB7E2A}.Debug|Any CPU.Build.0 = Debug|Any CPU
		{DDFAF97A-7E9F-289C-9485-F7E61BCB7E2A}.Release|Any CPU.ActiveCfg = Release|Any CPU
		{DDFAF97A-7E9F-289C-9485-F7E61BCB7E2A}.Release|Any CPU.Build.0 = Release|Any CPU
		{9FDB9FAB-20D6-86F0-CBB8-1CC2312FBF9F}.Debug|Any CPU.ActiveCfg = Debug|Any CPU
		{9FDB9FAB-20D6-86F0-CBB8-1CC2312FBF9F}.Debug|Any CPU.Build.0 = Debug|Any CPU
		{9FDB9FAB-20D6-86F0-CBB8-1CC2312FBF9F}.Release|Any CPU.ActiveCfg = Release|Any CPU
		{9FDB9FAB-20D6-86F0-CBB8-1CC2312FBF9F}.Release|Any CPU.Build.0 = Release|Any CPU
	EndGlobalSection
	GlobalSection(SolutionProperties) = preSolution
		HideSolutionNode = FALSE
	EndGlobalSection
EndGlobal
