Microsoft Visual Studio Solution File, Format Version 11.00
# Visual Studio 2008

Project("{5636218A-7B48-1164-44A6-9C32CDF33326}") = "TickTockRay", "Assembly-CSharp-firstpass.csproj", "{DD15066C-E6ED-C94D-F520-93D6BB1100CD}"
EndProject
Project("{5636218A-7B48-1164-44A6-9C32CDF33326}") = "TickTockRay", "Assembly-CSharp.csproj", "{5A1F4F93-37F3-D79F-BFD5-7B0DEDDD60A0}"
EndProject
Project("{5636218A-7B48-1164-44A6-9C32CDF33326}") = "TickTockRay", "Assembly-CSharp-Editor-firstpass.csproj", "{B360546F-6C03-4930-6D06-FCF892198424}"
EndProject
Project("{5636218A-7B48-1164-44A6-9C32CDF33326}") = "TickTockRay", "Assembly-CSharp-Editor.csproj", "{BAF32270-7097-B143-0B62-A3085C43D04B}"
EndProject
Global
	GlobalSection(SolutionConfigurationPlatforms) = preSolution
		Debug|Any CPU = Debug|Any CPU
		Release|Any CPU = Release|Any CPU
	EndGlobalSection
	GlobalSection(ProjectConfigurationPlatforms) = postSolution
		{DD15066C-E6ED-C94D-F520-93D6BB1100CD}.Debug|Any CPU.ActiveCfg = Debug|Any CPU
		{DD15066C-E6ED-C94D-F520-93D6BB1100CD}.Debug|Any CPU.Build.0 = Debug|Any CPU
		{DD15066C-E6ED-C94D-F520-93D6BB1100CD}.Release|Any CPU.ActiveCfg = Release|Any CPU
		{DD15066C-E6ED-C94D-F520-93D6BB1100CD}.Release|Any CPU.Build.0 = Release|Any CPU
		{5A1F4F93-37F3-D79F-BFD5-7B0DEDDD60A0}.Debug|Any CPU.ActiveCfg = Debug|Any CPU
		{5A1F4F93-37F3-D79F-BFD5-7B0DEDDD60A0}.Debug|Any CPU.Build.0 = Debug|Any CPU
		{5A1F4F93-37F3-D79F-BFD5-7B0DEDDD60A0}.Release|Any CPU.ActiveCfg = Release|Any CPU
		{5A1F4F93-37F3-D79F-BFD5-7B0DEDDD60A0}.Release|Any CPU.Build.0 = Release|Any CPU
		{B360546F-6C03-4930-6D06-FCF892198424}.Debug|Any CPU.ActiveCfg = Debug|Any CPU
		{B360546F-6C03-4930-6D06-FCF892198424}.Debug|Any CPU.Build.0 = Debug|Any CPU
		{B360546F-6C03-4930-6D06-FCF892198424}.Release|Any CPU.ActiveCfg = Release|Any CPU
		{B360546F-6C03-4930-6D06-FCF892198424}.Release|Any CPU.Build.0 = Release|Any CPU
		{BAF32270-7097-B143-0B62-A3085C43D04B}.Debug|Any CPU.ActiveCfg = Debug|Any CPU
		{BAF32270-7097-B143-0B62-A3085C43D04B}.Debug|Any CPU.Build.0 = Debug|Any CPU
		{BAF32270-7097-B143-0B62-A3085C43D04B}.Release|Any CPU.ActiveCfg = Release|Any CPU
		{BAF32270-7097-B143-0B62-A3085C43D04B}.Release|Any CPU.Build.0 = Release|Any CPU
	EndGlobalSection
	GlobalSection(SolutionProperties) = preSolution
		HideSolutionNode = FALSE
	EndGlobalSection
	GlobalSection(MonoDevelopProperties) = preSolution
		StartupItem = Assembly-CSharp.csproj
	EndGlobalSection
EndGlobal
